{
  "version": 4,
  "terraform_version": "1.7.3",
  "serial": 99,
  "lineage": "9a5d9897-2641-a233-9c3a-e43abdbd2432",
  "outputs": {
    "k8s_cluster_1_ip": {
      "value": "54.219.195.175",
      "type": "string"
    },
    "k8s_cluster_2_ip": {
      "value": "13.56.247.180",
      "type": "string"
    },
    "k8s_cluster_3_ip": {
      "value": "52.53.231.60",
      "type": "string"
    }
  },
  "resources": [
    {
      "mode": "managed",
      "type": "aws_instance",
      "name": "k8s_cluster",
      "provider": "provider[\"registry.terraform.io/hashicorp/aws\"]",
      "instances": [
        {
          "index_key": 0,
          "schema_version": 1,
          "attributes": {
            "ami": "ami-0ce2cb35386fc22e9",
            "arn": "arn:aws:ec2:us-west-1:459391715545:instance/i-01a87eef7da75b69a",
            "associate_public_ip_address": true,
            "availability_zone": "us-west-1a",
            "capacity_reservation_specification": [
              {
                "capacity_reservation_preference": "open",
                "capacity_reservation_target": []
              }
            ],
            "cpu_core_count": 1,
            "cpu_options": [
              {
                "amd_sev_snp": "",
                "core_count": 1,
                "threads_per_core": 2
              }
            ],
            "cpu_threads_per_core": 2,
            "credit_specification": [
              {
                "cpu_credits": "unlimited"
              }
            ],
            "disable_api_stop": false,
            "disable_api_termination": false,
            "ebs_block_device": [],
            "ebs_optimized": false,
            "enclave_options": [
              {
                "enabled": false
              }
            ],
            "ephemeral_block_device": [],
            "get_password_data": false,
            "hibernation": false,
            "host_id": "",
            "host_resource_group_arn": null,
            "iam_instance_profile": "",
            "id": "i-01a87eef7da75b69a",
            "instance_initiated_shutdown_behavior": "stop",
            "instance_lifecycle": "",
            "instance_market_options": [],
            "instance_state": "running",
            "instance_type": "t3a.medium",
            "ipv6_address_count": 0,
            "ipv6_addresses": [],
            "key_name": "terraform-setup-k8s20240218070436507400000001",
            "launch_template": [],
            "maintenance_options": [
              {
                "auto_recovery": "default"
              }
            ],
            "metadata_options": [
              {
                "http_endpoint": "enabled",
                "http_protocol_ipv6": "disabled",
                "http_put_response_hop_limit": 1,
                "http_tokens": "optional",
                "instance_metadata_tags": "disabled"
              }
            ],
            "monitoring": false,
            "network_interface": [],
            "outpost_arn": "",
            "password_data": "",
            "placement_group": "",
            "placement_partition_number": 0,
            "primary_network_interface_id": "eni-05f36617cded8fb89",
            "private_dns": "ip-10-0-0-116.us-west-1.compute.internal",
            "private_dns_name_options": [
              {
                "enable_resource_name_dns_a_record": false,
                "enable_resource_name_dns_aaaa_record": false,
                "hostname_type": "ip-name"
              }
            ],
            "private_ip": "10.0.0.116",
            "public_dns": "ec2-54-219-195-175.us-west-1.compute.amazonaws.com",
            "public_ip": "54.219.195.175",
            "root_block_device": [
              {
                "delete_on_termination": true,
                "device_name": "/dev/sda1",
                "encrypted": false,
                "iops": 210,
                "kms_key_id": "",
                "tags": null,
                "throughput": 0,
                "volume_id": "vol-054cee836815ebd9f",
                "volume_size": 70,
                "volume_type": "gp2"
              }
            ],
            "secondary_private_ips": [],
            "security_groups": [],
            "source_dest_check": true,
            "spot_instance_request_id": "",
            "subnet_id": "subnet-0749ae93be838c529",
            "tags": {
              "Creator": "Terraform K8s Cluster",
              "Name": "terraform-setup-k8s-cluster"
            },
            "tags_all": {
              "Creator": "Terraform K8s Cluster",
              "Name": "terraform-setup-k8s-cluster"
            },
            "tenancy": "default",
            "timeouts": null,
            "user_data": "54d15811dbc1c84f7abe3646b71487ec4e0fabbc",
            "user_data_base64": null,
            "user_data_replace_on_change": false,
            "volume_tags": null,
            "vpc_security_group_ids": [
              "sg-08dfe98b24782528e"
            ]
          },
          "sensitive_attributes": [],
          "private": "eyJlMmJmYjczMC1lY2FhLTExZTYtOGY4OC0zNDM2M2JjN2M0YzAiOnsiY3JlYXRlIjo2MDAwMDAwMDAwMDAsImRlbGV0ZSI6MTIwMDAwMDAwMDAwMCwidXBkYXRlIjo2MDAwMDAwMDAwMDB9LCJzY2hlbWFfdmVyc2lvbiI6IjEifQ==",
          "dependencies": [
            "aws_key_pair.create_key_pair",
            "aws_security_group.k8s_sg_allowall",
            "tls_private_key.global_key"
          ]
        },
        {
          "index_key": 1,
          "schema_version": 1,
          "attributes": {
            "ami": "ami-0ce2cb35386fc22e9",
            "arn": "arn:aws:ec2:us-west-1:459391715545:instance/i-0a790d599acbec79e",
            "associate_public_ip_address": true,
            "availability_zone": "us-west-1a",
            "capacity_reservation_specification": [
              {
                "capacity_reservation_preference": "open",
                "capacity_reservation_target": []
              }
            ],
            "cpu_core_count": 1,
            "cpu_options": [
              {
                "amd_sev_snp": "",
                "core_count": 1,
                "threads_per_core": 2
              }
            ],
            "cpu_threads_per_core": 2,
            "credit_specification": [
              {
                "cpu_credits": "unlimited"
              }
            ],
            "disable_api_stop": false,
            "disable_api_termination": false,
            "ebs_block_device": [],
            "ebs_optimized": false,
            "enclave_options": [
              {
                "enabled": false
              }
            ],
            "ephemeral_block_device": [],
            "get_password_data": false,
            "hibernation": false,
            "host_id": "",
            "host_resource_group_arn": null,
            "iam_instance_profile": "",
            "id": "i-0a790d599acbec79e",
            "instance_initiated_shutdown_behavior": "stop",
            "instance_lifecycle": "",
            "instance_market_options": [],
            "instance_state": "running",
            "instance_type": "t3a.medium",
            "ipv6_address_count": 0,
            "ipv6_addresses": [],
            "key_name": "terraform-setup-k8s20240218070436507400000001",
            "launch_template": [],
            "maintenance_options": [
              {
                "auto_recovery": "default"
              }
            ],
            "metadata_options": [
              {
                "http_endpoint": "enabled",
                "http_protocol_ipv6": "disabled",
                "http_put_response_hop_limit": 1,
                "http_tokens": "optional",
                "instance_metadata_tags": "disabled"
              }
            ],
            "monitoring": false,
            "network_interface": [],
            "outpost_arn": "",
            "password_data": "",
            "placement_group": "",
            "placement_partition_number": 0,
            "primary_network_interface_id": "eni-0a70802ff0cb8a97b",
            "private_dns": "ip-10-0-0-138.us-west-1.compute.internal",
            "private_dns_name_options": [
              {
                "enable_resource_name_dns_a_record": false,
                "enable_resource_name_dns_aaaa_record": false,
                "hostname_type": "ip-name"
              }
            ],
            "private_ip": "10.0.0.138",
            "public_dns": "ec2-13-56-247-180.us-west-1.compute.amazonaws.com",
            "public_ip": "13.56.247.180",
            "root_block_device": [
              {
                "delete_on_termination": true,
                "device_name": "/dev/sda1",
                "encrypted": false,
                "iops": 210,
                "kms_key_id": "",
                "tags": null,
                "throughput": 0,
                "volume_id": "vol-00686412793b63d60",
                "volume_size": 70,
                "volume_type": "gp2"
              }
            ],
            "secondary_private_ips": [],
            "security_groups": [],
            "source_dest_check": true,
            "spot_instance_request_id": "",
            "subnet_id": "subnet-0749ae93be838c529",
            "tags": {
              "Creator": "Terraform K8s Cluster",
              "Name": "terraform-setup-k8s-cluster"
            },
            "tags_all": {
              "Creator": "Terraform K8s Cluster",
              "Name": "terraform-setup-k8s-cluster"
            },
            "tenancy": "default",
            "timeouts": null,
            "user_data": "54d15811dbc1c84f7abe3646b71487ec4e0fabbc",
            "user_data_base64": null,
            "user_data_replace_on_change": false,
            "volume_tags": null,
            "vpc_security_group_ids": [
              "sg-08dfe98b24782528e"
            ]
          },
          "sensitive_attributes": [],
          "private": "eyJlMmJmYjczMC1lY2FhLTExZTYtOGY4OC0zNDM2M2JjN2M0YzAiOnsiY3JlYXRlIjo2MDAwMDAwMDAwMDAsImRlbGV0ZSI6MTIwMDAwMDAwMDAwMCwidXBkYXRlIjo2MDAwMDAwMDAwMDB9LCJzY2hlbWFfdmVyc2lvbiI6IjEifQ==",
          "dependencies": [
            "aws_key_pair.create_key_pair",
            "aws_security_group.k8s_sg_allowall",
            "tls_private_key.global_key"
          ]
        },
        {
          "index_key": 2,
          "schema_version": 1,
          "attributes": {
            "ami": "ami-0ce2cb35386fc22e9",
            "arn": "arn:aws:ec2:us-west-1:459391715545:instance/i-0d7c2b978504bf470",
            "associate_public_ip_address": true,
            "availability_zone": "us-west-1a",
            "capacity_reservation_specification": [
              {
                "capacity_reservation_preference": "open",
                "capacity_reservation_target": []
              }
            ],
            "cpu_core_count": 1,
            "cpu_options": [
              {
                "amd_sev_snp": "",
                "core_count": 1,
                "threads_per_core": 2
              }
            ],
            "cpu_threads_per_core": 2,
            "credit_specification": [
              {
                "cpu_credits": "unlimited"
              }
            ],
            "disable_api_stop": false,
            "disable_api_termination": false,
            "ebs_block_device": [],
            "ebs_optimized": false,
            "enclave_options": [
              {
                "enabled": false
              }
            ],
            "ephemeral_block_device": [],
            "get_password_data": false,
            "hibernation": false,
            "host_id": "",
            "host_resource_group_arn": null,
            "iam_instance_profile": "",
            "id": "i-0d7c2b978504bf470",
            "instance_initiated_shutdown_behavior": "stop",
            "instance_lifecycle": "",
            "instance_market_options": [],
            "instance_state": "running",
            "instance_type": "t3a.medium",
            "ipv6_address_count": 0,
            "ipv6_addresses": [],
            "key_name": "terraform-setup-k8s20240218070436507400000001",
            "launch_template": [],
            "maintenance_options": [
              {
                "auto_recovery": "default"
              }
            ],
            "metadata_options": [
              {
                "http_endpoint": "enabled",
                "http_protocol_ipv6": "disabled",
                "http_put_response_hop_limit": 1,
                "http_tokens": "optional",
                "instance_metadata_tags": "disabled"
              }
            ],
            "monitoring": false,
            "network_interface": [],
            "outpost_arn": "",
            "password_data": "",
            "placement_group": "",
            "placement_partition_number": 0,
            "primary_network_interface_id": "eni-01ad40bdc82ec5cb0",
            "private_dns": "ip-10-0-0-77.us-west-1.compute.internal",
            "private_dns_name_options": [
              {
                "enable_resource_name_dns_a_record": false,
                "enable_resource_name_dns_aaaa_record": false,
                "hostname_type": "ip-name"
              }
            ],
            "private_ip": "10.0.0.77",
            "public_dns": "ec2-52-53-231-60.us-west-1.compute.amazonaws.com",
            "public_ip": "52.53.231.60",
            "root_block_device": [
              {
                "delete_on_termination": true,
                "device_name": "/dev/sda1",
                "encrypted": false,
                "iops": 210,
                "kms_key_id": "",
                "tags": null,
                "throughput": 0,
                "volume_id": "vol-06e7ba4bab6603b6c",
                "volume_size": 70,
                "volume_type": "gp2"
              }
            ],
            "secondary_private_ips": [],
            "security_groups": [],
            "source_dest_check": true,
            "spot_instance_request_id": "",
            "subnet_id": "subnet-0749ae93be838c529",
            "tags": {
              "Creator": "Terraform K8s Cluster",
              "Name": "terraform-setup-k8s-cluster"
            },
            "tags_all": {
              "Creator": "Terraform K8s Cluster",
              "Name": "terraform-setup-k8s-cluster"
            },
            "tenancy": "default",
            "timeouts": null,
            "user_data": "54d15811dbc1c84f7abe3646b71487ec4e0fabbc",
            "user_data_base64": null,
            "user_data_replace_on_change": false,
            "volume_tags": null,
            "vpc_security_group_ids": [
              "sg-08dfe98b24782528e"
            ]
          },
          "sensitive_attributes": [],
          "private": "eyJlMmJmYjczMC1lY2FhLTExZTYtOGY4OC0zNDM2M2JjN2M0YzAiOnsiY3JlYXRlIjo2MDAwMDAwMDAwMDAsImRlbGV0ZSI6MTIwMDAwMDAwMDAwMCwidXBkYXRlIjo2MDAwMDAwMDAwMDB9LCJzY2hlbWFfdmVyc2lvbiI6IjEifQ==",
          "dependencies": [
            "aws_key_pair.create_key_pair",
            "aws_security_group.k8s_sg_allowall",
            "tls_private_key.global_key"
          ]
        }
      ]
    },
    {
      "mode": "managed",
      "type": "aws_key_pair",
      "name": "create_key_pair",
      "provider": "provider[\"registry.terraform.io/hashicorp/aws\"]",
      "instances": [
        {
          "schema_version": 1,
          "attributes": {
            "arn": "arn:aws:ec2:us-west-1:459391715545:key-pair/terraform-setup-k8s20240218070436507400000001",
            "fingerprint": "f9:1c:a0:78:d5:eb:53:1b:14:53:83:5c:ea:00:09:81",
            "id": "terraform-setup-k8s20240218070436507400000001",
            "key_name": "terraform-setup-k8s20240218070436507400000001",
            "key_name_prefix": "terraform-setup-k8s",
            "key_pair_id": "key-0f694bbbb40787f84",
            "key_type": "rsa",
            "public_key": "ssh-rsa AAAAB3NzaC1yc2EAAAADAQABAAABAQDBA0D7If3LEi7rNJ21wK3M0zWhtpkL8rVOGXlYO+Mua0K3uSSKy4af6Ym5tJvUWdhmN9qHnrJO/fHFSsGO0wRDZpcnujHRf9/Uq6arB7Ip3s9yfNOKZWLL73NVyafP22ZSLPQzSvHxX638fA1B13wujDrEfajEv24qQ3GsTe9v3E9BBgsbN0pLaihPS1w7Fk8JPxhk9z+MBIxS2ec0lKlr51kpr/tnpW/xE75WCN4G6JrG2yFfHxtfzU/57XQzcp3Wl39GBhHHFJ3A8XIUpSr7X0K46PBbWUv8x44VfpvcmiX6zj/Vq1LDI1YRNgvpGxY8lIR7Us/MUUf2vjdQXGPD",
            "tags": null,
            "tags_all": {}
          },
          "sensitive_attributes": [],
          "private": "eyJzY2hlbWFfdmVyc2lvbiI6IjEifQ==",
          "dependencies": [
            "tls_private_key.global_key"
          ]
        }
      ]
    },
    {
      "mode": "managed",
      "type": "aws_security_group",
      "name": "k8s_sg_allowall",
      "provider": "provider[\"registry.terraform.io/hashicorp/aws\"]",
      "instances": [
        {
          "schema_version": 1,
          "attributes": {
            "arn": "arn:aws:ec2:us-west-1:459391715545:security-group/sg-08dfe98b24782528e",
            "description": "k8s - allow all traffic",
            "egress": [
              {
                "cidr_blocks": [
                  "0.0.0.0/0"
                ],
                "description": "",
                "from_port": 0,
                "ipv6_cidr_blocks": [],
                "prefix_list_ids": [],
                "protocol": "-1",
                "security_groups": [],
                "self": false,
                "to_port": 0
              }
            ],
            "id": "sg-08dfe98b24782528e",
            "ingress": [
              {
                "cidr_blocks": [
                  "0.0.0.0/0"
                ],
                "description": "",
                "from_port": 0,
                "ipv6_cidr_blocks": [],
                "prefix_list_ids": [],
                "protocol": "-1",
                "security_groups": [],
                "self": false,
                "to_port": 0
              }
            ],
            "name": "terraform-setup-k8s-allowall",
            "name_prefix": "",
            "owner_id": "459391715545",
            "revoke_rules_on_delete": false,
            "tags": {
              "Creator": "k8s-terraform"
            },
            "tags_all": {
              "Creator": "k8s-terraform"
            },
            "timeouts": null,
            "vpc_id": "vpc-0bab5e8611149833e"
          },
          "sensitive_attributes": [],
          "private": "eyJlMmJmYjczMC1lY2FhLTExZTYtOGY4OC0zNDM2M2JjN2M0YzAiOnsiY3JlYXRlIjo2MDAwMDAwMDAwMDAsImRlbGV0ZSI6OTAwMDAwMDAwMDAwfSwic2NoZW1hX3ZlcnNpb24iOiIxIn0="
        }
      ]
    },
    {
      "mode": "managed",
      "type": "local_file",
      "name": "ssh_public_key_openssh",
      "provider": "provider[\"registry.terraform.io/hashicorp/local\"]",
      "instances": [
        {
          "schema_version": 0,
          "attributes": {
            "content": "ssh-rsa AAAAB3NzaC1yc2EAAAADAQABAAABAQDBA0D7If3LEi7rNJ21wK3M0zWhtpkL8rVOGXlYO+Mua0K3uSSKy4af6Ym5tJvUWdhmN9qHnrJO/fHFSsGO0wRDZpcnujHRf9/Uq6arB7Ip3s9yfNOKZWLL73NVyafP22ZSLPQzSvHxX638fA1B13wujDrEfajEv24qQ3GsTe9v3E9BBgsbN0pLaihPS1w7Fk8JPxhk9z+MBIxS2ec0lKlr51kpr/tnpW/xE75WCN4G6JrG2yFfHxtfzU/57XQzcp3Wl39GBhHHFJ3A8XIUpSr7X0K46PBbWUv8x44VfpvcmiX6zj/Vq1LDI1YRNgvpGxY8lIR7Us/MUUf2vjdQXGPD\n",
            "content_base64": null,
            "content_base64sha256": "MTSBer52ajkvph2P1ZbPnGYMqEsDqd+xh5GPvuJfpdo=",
            "content_base64sha512": "ctBPJiiByGbltc5+lnhGWG0TD8cHt/2xOFT45Dvmf8c4fQDjssvoxSDAtOszJAqI8ZwVcwwkk46xxcytkhUfrw==",
            "content_md5": "ba7e7ee696444fc96ef0b9f4b314212d",
            "content_sha1": "c65864c085416b472ce957db4479bb222b8c238c",
            "content_sha256": "3134817abe766a392fa61d8fd596cf9c660ca84b03a9dfb187918fbee25fa5da",
            "content_sha512": "72d04f262881c866e5b5ce7e967846586d130fc707b7fdb13854f8e43be67fc7387d00e3b2cbe8c520c0b4eb33240a88f19c15730c24938eb1c5ccad92151faf",
            "directory_permission": "0777",
            "file_permission": "0777",
            "filename": "./id_rsa.pub",
            "id": "c65864c085416b472ce957db4479bb222b8c238c",
            "sensitive_content": null,
            "source": null
          },
          "sensitive_attributes": [],
          "dependencies": [
            "tls_private_key.global_key"
          ]
        }
      ]
    },
    {
      "mode": "managed",
      "type": "local_sensitive_file",
      "name": "ssh_private_key_pem",
      "provider": "provider[\"registry.terraform.io/hashicorp/local\"]",
      "instances": [
        {
          "schema_version": 0,
          "attributes": {
            "content": "-----BEGIN RSA PRIVATE KEY-----\nMIIEpQIBAAKCAQEAwQNA+yH9yxIu6zSdtcCtzNM1obaZC/K1Thl5WDvjLmtCt7kk\nisuGn+mJubSb1FnYZjfah56yTv3xxUrBjtMEQ2aXJ7ox0X/f1KumqweyKd7PcnzT\nimViy+9zVcmnz9tmUiz0M0rx8V+t/HwNQdd8Low6xH2oxL9uKkNxrE3vb9xPQQYL\nGzdKS2ooT0tcOxZPCT8YZPc/jASMUtnnNJSpa+dZKa/7Z6Vv8RO+VgjeBuiaxtsh\nXx8bX81P+e10M3Kd1pd/RgYRxxSdwPFyFKUq+19CuOjwW1lL/MeOFX6b3Jol+s4/\n1atSwyNWETYL6RsWPJSEe1LPzFFH9r43UFxjwwIDAQABAoIBADO2gneGsO/yrD16\neHLU7/v77teoC7Nm0Ore6mMYkJLETDjbUw4Y37YCpVLrMAEiHVetyVAi1dVSNq/M\nirWQlgjU+NS9D1H5N+hMITibtEGBoAUlqqve5CyNuFIY2GxZdT25K6h+gPpRz1Th\ni8/DQ1NZYPl6TXiBbavHLDKlIuzOG2mf7cfgiyiNwz/a0I7gqc8Rkz6DTC8unSJS\nF56nDW3mtIJD+1XZdxjHWNRw8TNY63Ef0whrHvncB7iV5d5PVfHusuCKFVmtBbeY\nyhw8Q3slcpImzG3Ket6ho1cIOEv1+gJwjnR4xKfS4NnjFwa+PHtnNwVR9mHgSLi7\nMxDIf8kCgYEAx/PVXhshNmq3zmDc/rOpsEAan8TmvJFdWxtEZUaIExBVn6uT3Yjk\nGRQVF4XgiEYWLjtcmMPp2hClJje4Y+pt1ieg+6DSptRMjz1sO3aq3t0NxBrHR+HN\nRzm5DMUGFfeAZ8MxJ3uJxhrS7Szus6xuVjkiZcE7Y8cdcM46Zv8jHpcCgYEA9x1w\nBHcQa5nE2v5z9TQDIM8SGLh2aV7juKzqdnHsvqQsOzTEqRslZg0sWWZFRAj1jIRU\n9yTV4qjv1ZjlD0pxyV7pnT5JCmgvIKB/MkHq9sO5DmubwJSfTCuZJ+OVYq7YuCGt\njowIfE4pah6rjN8DRo698P+BHMxRh6+FfksxtbUCgYEAlam/BSdNXsvWNJVwFP0p\ngBEbXIcnJfGwbOcl9KAsbgiF7nOgw+sYwGS1vNuqSpYbOBOapYXO3jgjRU3jqHXq\nLKeQ6Ydg5Rp3C6gwAPo7v4C6MxTQIM+0tSFRj2tRuNN+uyvw+NqRL0UYqAo/ySDB\nnaw6QOu3pmF9edgDAuDpypUCgYEAunnVYRk0I+6KtbNUb9HLFoQMJOl2ObeoYmDi\nIXWA8K/UzOzaBr58b1E7iU76sAeOvHXT5BhA6uUO7wGMwQgta4cbBVTOK3NJNPbI\nZXWGyKYTzMT5aM7+kq1HyukbfrdwxSps3OfhM2SMLg9s50YXI7RtsyIsHT41vA2A\n0DgQEA0CgYEAhv4QFLZSOseGE4jfF+VkOat0wfTSMGLKVuof4Ls/cs+rFBGZvDwn\nyeCpEER+BoLMWbVrie9G6Fv49sEMmjgpIOkk1nx/Ckithlfp+bCqaakzdSMyW4Ft\n3zZYEUp+RKmDayA0oZMSVlun2Zv5MhB6c+NcmBso73Rj3ClCX220PjI=\n-----END RSA PRIVATE KEY-----\n",
            "content_base64": null,
            "content_base64sha256": "nTf2tswmxZ5dA/9SWWteZWfj+mdD3Ownwnwmr9O5MfM=",
            "content_base64sha512": "obf0PfqVeWRN3uI+VSieYMK1W9MmQPn+hCfdplMrJgzRbVUyRn1sd8g3D7il343jyllba5o3nVeepROoFvnWjA==",
            "content_md5": "db8bfd153652dcde84499a180e83eae4",
            "content_sha1": "4e294874b815bb4beda6153f9c28ac9e8f011acf",
            "content_sha256": "9d37f6b6cc26c59e5d03ff52596b5e6567e3fa6743dcec27c27c26afd3b931f3",
            "content_sha512": "a1b7f43dfa9579644ddee23e55289e60c2b55bd32640f9fe8427dda6532b260cd16d5532467d6c77c8370fb8a5df8de3ca595b6b9a379d579ea513a816f9d68c",
            "directory_permission": "0700",
            "file_permission": "0600",
            "filename": "./id_rsa",
            "id": "4e294874b815bb4beda6153f9c28ac9e8f011acf",
            "source": null
          },
          "sensitive_attributes": [
            [
              {
                "type": "get_attr",
                "value": "content"
              }
            ]
          ],
          "dependencies": [
            "tls_private_key.global_key"
          ]
        }
      ]
    },
    {
      "mode": "managed",
      "type": "tls_private_key",
      "name": "global_key",
      "provider": "provider[\"registry.terraform.io/hashicorp/tls\"]",
      "instances": [
        {
          "schema_version": 1,
          "attributes": {
            "algorithm": "RSA",
            "ecdsa_curve": "P224",
            "id": "4cb3f1e5a9ba3f5fae059a3e63c0b30505a1520d",
            "private_key_openssh": "-----BEGIN OPENSSH PRIVATE KEY-----\nb3BlbnNzaC1rZXktdjEAAAAABG5vbmUAAAAEbm9uZQAAAAAAAAABAAABFwAAAAdz\nc2gtcnNhAAAAAwEAAQAAAQEAwQNA+yH9yxIu6zSdtcCtzNM1obaZC/K1Thl5WDvj\nLmtCt7kkisuGn+mJubSb1FnYZjfah56yTv3xxUrBjtMEQ2aXJ7ox0X/f1Kumqwey\nKd7PcnzTimViy+9zVcmnz9tmUiz0M0rx8V+t/HwNQdd8Low6xH2oxL9uKkNxrE3v\nb9xPQQYLGzdKS2ooT0tcOxZPCT8YZPc/jASMUtnnNJSpa+dZKa/7Z6Vv8RO+Vgje\nBuiaxtshXx8bX81P+e10M3Kd1pd/RgYRxxSdwPFyFKUq+19CuOjwW1lL/MeOFX6b\n3Jol+s4/1atSwyNWETYL6RsWPJSEe1LPzFFH9r43UFxjwwAAA7iT2AmPk9gJjwAA\nAAdzc2gtcnNhAAABAQDBA0D7If3LEi7rNJ21wK3M0zWhtpkL8rVOGXlYO+Mua0K3\nuSSKy4af6Ym5tJvUWdhmN9qHnrJO/fHFSsGO0wRDZpcnujHRf9/Uq6arB7Ip3s9y\nfNOKZWLL73NVyafP22ZSLPQzSvHxX638fA1B13wujDrEfajEv24qQ3GsTe9v3E9B\nBgsbN0pLaihPS1w7Fk8JPxhk9z+MBIxS2ec0lKlr51kpr/tnpW/xE75WCN4G6JrG\n2yFfHxtfzU/57XQzcp3Wl39GBhHHFJ3A8XIUpSr7X0K46PBbWUv8x44VfpvcmiX6\nzj/Vq1LDI1YRNgvpGxY8lIR7Us/MUUf2vjdQXGPDAAAAAwEAAQAAAQAztoJ3hrDv\n8qw9enhy1O/7++7XqAuzZtDq3upjGJCSxEw421MOGN+2AqVS6zABIh1XrclQItXV\nUjavzIq1kJYI1PjUvQ9R+TfoTCE4m7RBgaAFJaqr3uQsjbhSGNhsWXU9uSuofoD6\nUc9U4YvPw0NTWWD5ek14gW2rxywypSLszhtpn+3H4IsojcM/2tCO4KnPEZM+g0wv\nLp0iUheepw1t5rSCQ/tV2XcYx1jUcPEzWOtxH9MIax753Ae4leXeT1Xx7rLgihVZ\nrQW3mMocPEN7JXKSJsxtynreoaNXCDhL9foCcI50eMSn0uDZ4xcGvjx7ZzcFUfZh\n4Ei4uzMQyH/JAAAAgQCG/hAUtlI6x4YTiN8X5WQ5q3TB9NIwYspW6h/guz9yz6sU\nEZm8PCfJ4KkQRH4GgsxZtWuJ70boW/j2wQyaOCkg6STWfH8KSK2GV+n5sKppqTN1\nIzJbgW3fNlgRSn5EqYNrIDShkxJWW6fZm/kyEHpz41yYGyjvdGPcKUJfbbQ+MgAA\nAIEAx/PVXhshNmq3zmDc/rOpsEAan8TmvJFdWxtEZUaIExBVn6uT3YjkGRQVF4Xg\niEYWLjtcmMPp2hClJje4Y+pt1ieg+6DSptRMjz1sO3aq3t0NxBrHR+HNRzm5DMUG\nFfeAZ8MxJ3uJxhrS7Szus6xuVjkiZcE7Y8cdcM46Zv8jHpcAAACBAPcdcAR3EGuZ\nxNr+c/U0AyDPEhi4dmle47is6nZx7L6kLDs0xKkbJWYNLFlmRUQI9YyEVPck1eKo\n79WY5Q9Kccle6Z0+SQpoLyCgfzJB6vbDuQ5rm8CUn0wrmSfjlWKu2LghrY6MCHxO\nKWoeq4zfA0aOvfD/gRzMUYevhX5LMbW1AAAAAAEC\n-----END OPENSSH PRIVATE KEY-----\n",
            "private_key_pem": "-----BEGIN RSA PRIVATE KEY-----\nMIIEpQIBAAKCAQEAwQNA+yH9yxIu6zSdtcCtzNM1obaZC/K1Thl5WDvjLmtCt7kk\nisuGn+mJubSb1FnYZjfah56yTv3xxUrBjtMEQ2aXJ7ox0X/f1KumqweyKd7PcnzT\nimViy+9zVcmnz9tmUiz0M0rx8V+t/HwNQdd8Low6xH2oxL9uKkNxrE3vb9xPQQYL\nGzdKS2ooT0tcOxZPCT8YZPc/jASMUtnnNJSpa+dZKa/7Z6Vv8RO+VgjeBuiaxtsh\nXx8bX81P+e10M3Kd1pd/RgYRxxSdwPFyFKUq+19CuOjwW1lL/MeOFX6b3Jol+s4/\n1atSwyNWETYL6RsWPJSEe1LPzFFH9r43UFxjwwIDAQABAoIBADO2gneGsO/yrD16\neHLU7/v77teoC7Nm0Ore6mMYkJLETDjbUw4Y37YCpVLrMAEiHVetyVAi1dVSNq/M\nirWQlgjU+NS9D1H5N+hMITibtEGBoAUlqqve5CyNuFIY2GxZdT25K6h+gPpRz1Th\ni8/DQ1NZYPl6TXiBbavHLDKlIuzOG2mf7cfgiyiNwz/a0I7gqc8Rkz6DTC8unSJS\nF56nDW3mtIJD+1XZdxjHWNRw8TNY63Ef0whrHvncB7iV5d5PVfHusuCKFVmtBbeY\nyhw8Q3slcpImzG3Ket6ho1cIOEv1+gJwjnR4xKfS4NnjFwa+PHtnNwVR9mHgSLi7\nMxDIf8kCgYEAx/PVXhshNmq3zmDc/rOpsEAan8TmvJFdWxtEZUaIExBVn6uT3Yjk\nGRQVF4XgiEYWLjtcmMPp2hClJje4Y+pt1ieg+6DSptRMjz1sO3aq3t0NxBrHR+HN\nRzm5DMUGFfeAZ8MxJ3uJxhrS7Szus6xuVjkiZcE7Y8cdcM46Zv8jHpcCgYEA9x1w\nBHcQa5nE2v5z9TQDIM8SGLh2aV7juKzqdnHsvqQsOzTEqRslZg0sWWZFRAj1jIRU\n9yTV4qjv1ZjlD0pxyV7pnT5JCmgvIKB/MkHq9sO5DmubwJSfTCuZJ+OVYq7YuCGt\njowIfE4pah6rjN8DRo698P+BHMxRh6+FfksxtbUCgYEAlam/BSdNXsvWNJVwFP0p\ngBEbXIcnJfGwbOcl9KAsbgiF7nOgw+sYwGS1vNuqSpYbOBOapYXO3jgjRU3jqHXq\nLKeQ6Ydg5Rp3C6gwAPo7v4C6MxTQIM+0tSFRj2tRuNN+uyvw+NqRL0UYqAo/ySDB\nnaw6QOu3pmF9edgDAuDpypUCgYEAunnVYRk0I+6KtbNUb9HLFoQMJOl2ObeoYmDi\nIXWA8K/UzOzaBr58b1E7iU76sAeOvHXT5BhA6uUO7wGMwQgta4cbBVTOK3NJNPbI\nZXWGyKYTzMT5aM7+kq1HyukbfrdwxSps3OfhM2SMLg9s50YXI7RtsyIsHT41vA2A\n0DgQEA0CgYEAhv4QFLZSOseGE4jfF+VkOat0wfTSMGLKVuof4Ls/cs+rFBGZvDwn\nyeCpEER+BoLMWbVrie9G6Fv49sEMmjgpIOkk1nx/Ckithlfp+bCqaakzdSMyW4Ft\n3zZYEUp+RKmDayA0oZMSVlun2Zv5MhB6c+NcmBso73Rj3ClCX220PjI=\n-----END RSA PRIVATE KEY-----\n",
            "private_key_pem_pkcs8": "-----BEGIN PRIVATE KEY-----\nMIIEvwIBADANBgkqhkiG9w0BAQEFAASCBKkwggSlAgEAAoIBAQDBA0D7If3LEi7r\nNJ21wK3M0zWhtpkL8rVOGXlYO+Mua0K3uSSKy4af6Ym5tJvUWdhmN9qHnrJO/fHF\nSsGO0wRDZpcnujHRf9/Uq6arB7Ip3s9yfNOKZWLL73NVyafP22ZSLPQzSvHxX638\nfA1B13wujDrEfajEv24qQ3GsTe9v3E9BBgsbN0pLaihPS1w7Fk8JPxhk9z+MBIxS\n2ec0lKlr51kpr/tnpW/xE75WCN4G6JrG2yFfHxtfzU/57XQzcp3Wl39GBhHHFJ3A\n8XIUpSr7X0K46PBbWUv8x44VfpvcmiX6zj/Vq1LDI1YRNgvpGxY8lIR7Us/MUUf2\nvjdQXGPDAgMBAAECggEAM7aCd4aw7/KsPXp4ctTv+/vu16gLs2bQ6t7qYxiQksRM\nONtTDhjftgKlUuswASIdV63JUCLV1VI2r8yKtZCWCNT41L0PUfk36EwhOJu0QYGg\nBSWqq97kLI24UhjYbFl1PbkrqH6A+lHPVOGLz8NDU1lg+XpNeIFtq8csMqUi7M4b\naZ/tx+CLKI3DP9rQjuCpzxGTPoNMLy6dIlIXnqcNbea0gkP7Vdl3GMdY1HDxM1jr\ncR/TCGse+dwHuJXl3k9V8e6y4IoVWa0Ft5jKHDxDeyVykibMbcp63qGjVwg4S/X6\nAnCOdHjEp9Lg2eMXBr48e2c3BVH2YeBIuLszEMh/yQKBgQDH89VeGyE2arfOYNz+\ns6mwQBqfxOa8kV1bG0RlRogTEFWfq5PdiOQZFBUXheCIRhYuO1yYw+naEKUmN7hj\n6m3WJ6D7oNKm1EyPPWw7dqre3Q3EGsdH4c1HObkMxQYV94BnwzEne4nGGtLtLO6z\nrG5WOSJlwTtjxx1wzjpm/yMelwKBgQD3HXAEdxBrmcTa/nP1NAMgzxIYuHZpXuO4\nrOp2cey+pCw7NMSpGyVmDSxZZkVECPWMhFT3JNXiqO/VmOUPSnHJXumdPkkKaC8g\noH8yQer2w7kOa5vAlJ9MK5kn45Virti4Ia2OjAh8TilqHquM3wNGjr3w/4EczFGH\nr4V+SzG1tQKBgQCVqb8FJ01ey9Y0lXAU/SmAERtchycl8bBs5yX0oCxuCIXuc6DD\n6xjAZLW826pKlhs4E5qlhc7eOCNFTeOodeosp5Dph2DlGncLqDAA+ju/gLozFNAg\nz7S1IVGPa1G40367K/D42pEvRRioCj/JIMGdrDpA67emYX152AMC4OnKlQKBgQC6\nedVhGTQj7oq1s1Rv0csWhAwk6XY5t6hiYOIhdYDwr9TM7NoGvnxvUTuJTvqwB468\nddPkGEDq5Q7vAYzBCC1rhxsFVM4rc0k09shldYbIphPMxPlozv6SrUfK6Rt+t3DF\nKmzc5+EzZIwuD2znRhcjtG2zIiwdPjW8DYDQOBAQDQKBgQCG/hAUtlI6x4YTiN8X\n5WQ5q3TB9NIwYspW6h/guz9yz6sUEZm8PCfJ4KkQRH4GgsxZtWuJ70boW/j2wQya\nOCkg6STWfH8KSK2GV+n5sKppqTN1IzJbgW3fNlgRSn5EqYNrIDShkxJWW6fZm/ky\nEHpz41yYGyjvdGPcKUJfbbQ+Mg==\n-----END PRIVATE KEY-----\n",
            "public_key_fingerprint_md5": "9d:da:c1:ab:19:af:e4:66:02:33:6e:fb:54:a6:72:9f",
            "public_key_fingerprint_sha256": "SHA256:Qsg12pcdcmzNI2jJoxpgYEDsluA9L05aks8Pc7TBR8Q",
            "public_key_openssh": "ssh-rsa AAAAB3NzaC1yc2EAAAADAQABAAABAQDBA0D7If3LEi7rNJ21wK3M0zWhtpkL8rVOGXlYO+Mua0K3uSSKy4af6Ym5tJvUWdhmN9qHnrJO/fHFSsGO0wRDZpcnujHRf9/Uq6arB7Ip3s9yfNOKZWLL73NVyafP22ZSLPQzSvHxX638fA1B13wujDrEfajEv24qQ3GsTe9v3E9BBgsbN0pLaihPS1w7Fk8JPxhk9z+MBIxS2ec0lKlr51kpr/tnpW/xE75WCN4G6JrG2yFfHxtfzU/57XQzcp3Wl39GBhHHFJ3A8XIUpSr7X0K46PBbWUv8x44VfpvcmiX6zj/Vq1LDI1YRNgvpGxY8lIR7Us/MUUf2vjdQXGPD\n",
            "public_key_pem": "-----BEGIN PUBLIC KEY-----\nMIIBIjANBgkqhkiG9w0BAQEFAAOCAQ8AMIIBCgKCAQEAwQNA+yH9yxIu6zSdtcCt\nzNM1obaZC/K1Thl5WDvjLmtCt7kkisuGn+mJubSb1FnYZjfah56yTv3xxUrBjtME\nQ2aXJ7ox0X/f1KumqweyKd7PcnzTimViy+9zVcmnz9tmUiz0M0rx8V+t/HwNQdd8\nLow6xH2oxL9uKkNxrE3vb9xPQQYLGzdKS2ooT0tcOxZPCT8YZPc/jASMUtnnNJSp\na+dZKa/7Z6Vv8RO+VgjeBuiaxtshXx8bX81P+e10M3Kd1pd/RgYRxxSdwPFyFKUq\n+19CuOjwW1lL/MeOFX6b3Jol+s4/1atSwyNWETYL6RsWPJSEe1LPzFFH9r43UFxj\nwwIDAQAB\n-----END PUBLIC KEY-----\n",
            "rsa_bits": 2048
          },
          "sensitive_attributes": []
        }
      ]
    }
  ],
  "check_results": null
}
