{
  "version": 4,
  "terraform_version": "1.7.3",
  "serial": 36,
  "lineage": "71c0982f-757b-aea4-817f-6255007f2447",
  "outputs": {
    "rancher_node_ip": {
      "value": "54.151.37.228",
      "type": "string"
    },
    "rancher_public_url": {
      "value": "rancher.strongsoftwares.com.br",
      "type": "string"
    },
    "rancher_subnet": {
      "value": "subnet-0749ae93be838c529",
      "type": "string"
    },
    "vpc_id": {
      "value": "vpc-0bab5e8611149833e",
      "type": "string"
    }
  },
  "resources": [
    {
      "mode": "managed",
      "type": "aws_instance",
      "name": "rancher_server",
      "provider": "provider[\"registry.terraform.io/hashicorp/aws\"]",
      "instances": [
        {
          "schema_version": 1,
          "attributes": {
            "ami": "ami-0ce2cb35386fc22e9",
            "arn": "arn:aws:ec2:us-west-1:459391715545:instance/i-05cadde30de466058",
            "associate_public_ip_address": true,
            "availability_zone": "us-west-1a",
            "capacity_reservation_specification": [
              {
                "capacity_reservation_preference": "open",
                "capacity_reservation_target": []
              }
            ],
            "cpu_core_count": 1,
            "cpu_options": [
              {
                "amd_sev_snp": "",
                "core_count": 1,
                "threads_per_core": 2
              }
            ],
            "cpu_threads_per_core": 2,
            "credit_specification": [
              {
                "cpu_credits": "unlimited"
              }
            ],
            "disable_api_stop": false,
            "disable_api_termination": false,
            "ebs_block_device": [],
            "ebs_optimized": false,
            "enclave_options": [
              {
                "enabled": false
              }
            ],
            "ephemeral_block_device": [],
            "get_password_data": false,
            "hibernation": false,
            "host_id": "",
            "host_resource_group_arn": null,
            "iam_instance_profile": "",
            "id": "i-05cadde30de466058",
            "instance_initiated_shutdown_behavior": "stop",
            "instance_lifecycle": "",
            "instance_market_options": [],
            "instance_state": "running",
            "instance_type": "t3a.medium",
            "ipv6_address_count": 0,
            "ipv6_addresses": [],
            "key_name": "terraform-setup-rancher20240218065556518300000001",
            "launch_template": [],
            "maintenance_options": [
              {
                "auto_recovery": "default"
              }
            ],
            "metadata_options": [
              {
                "http_endpoint": "enabled",
                "http_protocol_ipv6": "disabled",
                "http_put_response_hop_limit": 1,
                "http_tokens": "optional",
                "instance_metadata_tags": "disabled"
              }
            ],
            "monitoring": false,
            "network_interface": [],
            "outpost_arn": "",
            "password_data": "",
            "placement_group": "",
            "placement_partition_number": 0,
            "primary_network_interface_id": "eni-0e518d543b071044a",
            "private_dns": "ip-10-0-0-114.us-west-1.compute.internal",
            "private_dns_name_options": [
              {
                "enable_resource_name_dns_a_record": false,
                "enable_resource_name_dns_aaaa_record": false,
                "hostname_type": "ip-name"
              }
            ],
            "private_ip": "10.0.0.114",
            "public_dns": "ec2-54-151-37-228.us-west-1.compute.amazonaws.com",
            "public_ip": "54.151.37.228",
            "root_block_device": [
              {
                "delete_on_termination": true,
                "device_name": "/dev/sda1",
                "encrypted": false,
                "iops": 120,
                "kms_key_id": "",
                "tags": null,
                "throughput": 0,
                "volume_id": "vol-093cdd516870729d8",
                "volume_size": 40,
                "volume_type": "gp2"
              }
            ],
            "secondary_private_ips": [],
            "security_groups": [],
            "source_dest_check": true,
            "spot_instance_request_id": "",
            "subnet_id": "subnet-0749ae93be838c529",
            "tags": {
              "Creator": "rancher-quickstart",
              "Name": "terraform-setup-rancher-server"
            },
            "tags_all": {
              "Creator": "rancher-quickstart",
              "Name": "terraform-setup-rancher-server"
            },
            "tenancy": "default",
            "timeouts": null,
            "user_data": "9e17c12d1f4453fb9962593be27124933adb535a",
            "user_data_base64": null,
            "user_data_replace_on_change": false,
            "volume_tags": null,
            "vpc_security_group_ids": [
              "sg-083bda5d41d766860"
            ]
          },
          "sensitive_attributes": [],
          "private": "eyJlMmJmYjczMC1lY2FhLTExZTYtOGY4OC0zNDM2M2JjN2M0YzAiOnsiY3JlYXRlIjo2MDAwMDAwMDAwMDAsImRlbGV0ZSI6MTIwMDAwMDAwMDAwMCwidXBkYXRlIjo2MDAwMDAwMDAwMDB9LCJzY2hlbWFfdmVyc2lvbiI6IjEifQ==",
          "dependencies": [
            "aws_internet_gateway.rancher_gateway",
            "aws_key_pair.create_key_pair",
            "aws_route_table.rancher_route_table",
            "aws_route_table_association.rancher_route_table_association",
            "aws_security_group.rancher_sg_allowall",
            "aws_subnet.rancher_subnet",
            "aws_vpc.rancher_vpc",
            "tls_private_key.global_key"
          ]
        }
      ]
    },
    {
      "mode": "managed",
      "type": "aws_internet_gateway",
      "name": "rancher_gateway",
      "provider": "provider[\"registry.terraform.io/hashicorp/aws\"]",
      "instances": [
        {
          "schema_version": 0,
          "attributes": {
            "arn": "arn:aws:ec2:us-west-1:459391715545:internet-gateway/igw-09e9309e90bc374e0",
            "id": "igw-09e9309e90bc374e0",
            "owner_id": "459391715545",
            "tags": {
              "Name": "terraform-setup-rancher-gateway"
            },
            "tags_all": {
              "Name": "terraform-setup-rancher-gateway"
            },
            "timeouts": null,
            "vpc_id": "vpc-0bab5e8611149833e"
          },
          "sensitive_attributes": [],
          "private": "eyJlMmJmYjczMC1lY2FhLTExZTYtOGY4OC0zNDM2M2JjN2M0YzAiOnsiY3JlYXRlIjoxMjAwMDAwMDAwMDAwLCJkZWxldGUiOjEyMDAwMDAwMDAwMDAsInVwZGF0ZSI6MTIwMDAwMDAwMDAwMH19",
          "dependencies": [
            "aws_vpc.rancher_vpc"
          ]
        }
      ]
    },
    {
      "mode": "managed",
      "type": "aws_key_pair",
      "name": "create_key_pair",
      "provider": "provider[\"registry.terraform.io/hashicorp/aws\"]",
      "instances": [
        {
          "schema_version": 1,
          "attributes": {
            "arn": "arn:aws:ec2:us-west-1:459391715545:key-pair/terraform-setup-rancher20240218065556518300000001",
            "fingerprint": "71:a6:a5:1c:d2:a0:85:6f:f2:c9:f1:a9:32:c7:be:c1",
            "id": "terraform-setup-rancher20240218065556518300000001",
            "key_name": "terraform-setup-rancher20240218065556518300000001",
            "key_name_prefix": "terraform-setup-rancher",
            "key_pair_id": "key-0edd41d0c82426462",
            "key_type": "rsa",
            "public_key": "ssh-rsa AAAAB3NzaC1yc2EAAAADAQABAAABAQDHn3EyEfyQinr96iALJc9xY18Yv8EnI9vXcCt+IFs56dg5yjz6Ty5FY3Jxm8duTKSlBfjlRhJFIloVi968SRaXD9xQOWIUOlFRuT3N2cNFlOvkPJvEM070oBU8r+jH7PX0EMncBeOQQkJFthpcNQcF4PqaHmXWWQd79UVp+6diRrSpFzzOcNIkx7MrPRtFMXLZRrzry97Mu3kIkrXohZie+ZJA6xo7Yo52Og+gfvewQZaMhI3wqowewTEKqAeCSTkc17QDzBnNBCn4Vu5RgIL/yO+lRmQT5LQoHiTKxSSznYRSS9sesdVwkXwpi0yxMBEJKtl5sJX2UFtYpzpRCzgr",
            "tags": null,
            "tags_all": {}
          },
          "sensitive_attributes": [],
          "private": "eyJzY2hlbWFfdmVyc2lvbiI6IjEifQ==",
          "dependencies": [
            "tls_private_key.global_key"
          ]
        }
      ]
    },
    {
      "mode": "managed",
      "type": "aws_route_table",
      "name": "rancher_route_table",
      "provider": "provider[\"registry.terraform.io/hashicorp/aws\"]",
      "instances": [
        {
          "schema_version": 0,
          "attributes": {
            "arn": "arn:aws:ec2:us-west-1:459391715545:route-table/rtb-0a1299763ad161bff",
            "id": "rtb-0a1299763ad161bff",
            "owner_id": "459391715545",
            "propagating_vgws": [],
            "route": [
              {
                "carrier_gateway_id": "",
                "cidr_block": "0.0.0.0/0",
                "core_network_arn": "",
                "destination_prefix_list_id": "",
                "egress_only_gateway_id": "",
                "gateway_id": "igw-09e9309e90bc374e0",
                "ipv6_cidr_block": "",
                "local_gateway_id": "",
                "nat_gateway_id": "",
                "network_interface_id": "",
                "transit_gateway_id": "",
                "vpc_endpoint_id": "",
                "vpc_peering_connection_id": ""
              }
            ],
            "tags": {
              "Name": "terraform-setup-rancher-route-table"
            },
            "tags_all": {
              "Name": "terraform-setup-rancher-route-table"
            },
            "timeouts": null,
            "vpc_id": "vpc-0bab5e8611149833e"
          },
          "sensitive_attributes": [],
          "private": "eyJlMmJmYjczMC1lY2FhLTExZTYtOGY4OC0zNDM2M2JjN2M0YzAiOnsiY3JlYXRlIjozMDAwMDAwMDAwMDAsImRlbGV0ZSI6MzAwMDAwMDAwMDAwLCJ1cGRhdGUiOjEyMDAwMDAwMDAwMH19",
          "dependencies": [
            "aws_internet_gateway.rancher_gateway",
            "aws_vpc.rancher_vpc"
          ]
        }
      ]
    },
    {
      "mode": "managed",
      "type": "aws_route_table_association",
      "name": "rancher_route_table_association",
      "provider": "provider[\"registry.terraform.io/hashicorp/aws\"]",
      "instances": [
        {
          "schema_version": 0,
          "attributes": {
            "gateway_id": "",
            "id": "rtbassoc-0a9324656502801a9",
            "route_table_id": "rtb-0a1299763ad161bff",
            "subnet_id": "subnet-0749ae93be838c529",
            "timeouts": null
          },
          "sensitive_attributes": [],
          "private": "eyJlMmJmYjczMC1lY2FhLTExZTYtOGY4OC0zNDM2M2JjN2M0YzAiOnsiY3JlYXRlIjozMDAwMDAwMDAwMDAsImRlbGV0ZSI6MzAwMDAwMDAwMDAwLCJ1cGRhdGUiOjEyMDAwMDAwMDAwMH19",
          "dependencies": [
            "aws_internet_gateway.rancher_gateway",
            "aws_route_table.rancher_route_table",
            "aws_subnet.rancher_subnet",
            "aws_vpc.rancher_vpc"
          ]
        }
      ]
    },
    {
      "mode": "managed",
      "type": "aws_security_group",
      "name": "rancher_sg_allowall",
      "provider": "provider[\"registry.terraform.io/hashicorp/aws\"]",
      "instances": [
        {
          "schema_version": 1,
          "attributes": {
            "arn": "arn:aws:ec2:us-west-1:459391715545:security-group/sg-083bda5d41d766860",
            "description": "Rancher - allow all traffic",
            "egress": [
              {
                "cidr_blocks": [
                  "0.0.0.0/0"
                ],
                "description": "",
                "from_port": 0,
                "ipv6_cidr_blocks": [],
                "prefix_list_ids": [],
                "protocol": "-1",
                "security_groups": [],
                "self": false,
                "to_port": 0
              }
            ],
            "id": "sg-083bda5d41d766860",
            "ingress": [
              {
                "cidr_blocks": [
                  "0.0.0.0/0"
                ],
                "description": "",
                "from_port": 0,
                "ipv6_cidr_blocks": [],
                "prefix_list_ids": [],
                "protocol": "-1",
                "security_groups": [],
                "self": false,
                "to_port": 0
              }
            ],
            "name": "terraform-setup-rancher-allowall",
            "name_prefix": "",
            "owner_id": "459391715545",
            "revoke_rules_on_delete": false,
            "tags": {
              "Creator": "rancher-terraform"
            },
            "tags_all": {
              "Creator": "rancher-terraform"
            },
            "timeouts": null,
            "vpc_id": "vpc-0bab5e8611149833e"
          },
          "sensitive_attributes": [],
          "private": "eyJlMmJmYjczMC1lY2FhLTExZTYtOGY4OC0zNDM2M2JjN2M0YzAiOnsiY3JlYXRlIjo2MDAwMDAwMDAwMDAsImRlbGV0ZSI6OTAwMDAwMDAwMDAwfSwic2NoZW1hX3ZlcnNpb24iOiIxIn0=",
          "dependencies": [
            "aws_vpc.rancher_vpc"
          ]
        }
      ]
    },
    {
      "mode": "managed",
      "type": "aws_subnet",
      "name": "rancher_subnet",
      "provider": "provider[\"registry.terraform.io/hashicorp/aws\"]",
      "instances": [
        {
          "schema_version": 1,
          "attributes": {
            "arn": "arn:aws:ec2:us-west-1:459391715545:subnet/subnet-0749ae93be838c529",
            "assign_ipv6_address_on_creation": false,
            "availability_zone": "us-west-1a",
            "availability_zone_id": "usw1-az1",
            "cidr_block": "10.0.0.0/24",
            "customer_owned_ipv4_pool": "",
            "enable_dns64": false,
            "enable_lni_at_device_index": 0,
            "enable_resource_name_dns_a_record_on_launch": false,
            "enable_resource_name_dns_aaaa_record_on_launch": false,
            "id": "subnet-0749ae93be838c529",
            "ipv6_cidr_block": "",
            "ipv6_cidr_block_association_id": "",
            "ipv6_native": false,
            "map_customer_owned_ip_on_launch": false,
            "map_public_ip_on_launch": false,
            "outpost_arn": "",
            "owner_id": "459391715545",
            "private_dns_hostname_type_on_launch": "ip-name",
            "tags": {
              "Name": "terraform-setup-rancher-subnet"
            },
            "tags_all": {
              "Name": "terraform-setup-rancher-subnet"
            },
            "timeouts": null,
            "vpc_id": "vpc-0bab5e8611149833e"
          },
          "sensitive_attributes": [],
          "private": "eyJlMmJmYjczMC1lY2FhLTExZTYtOGY4OC0zNDM2M2JjN2M0YzAiOnsiY3JlYXRlIjo2MDAwMDAwMDAwMDAsImRlbGV0ZSI6MTIwMDAwMDAwMDAwMH0sInNjaGVtYV92ZXJzaW9uIjoiMSJ9",
          "dependencies": [
            "aws_vpc.rancher_vpc"
          ]
        }
      ]
    },
    {
      "mode": "managed",
      "type": "aws_vpc",
      "name": "rancher_vpc",
      "provider": "provider[\"registry.terraform.io/hashicorp/aws\"]",
      "instances": [
        {
          "schema_version": 1,
          "attributes": {
            "arn": "arn:aws:ec2:us-west-1:459391715545:vpc/vpc-0bab5e8611149833e",
            "assign_generated_ipv6_cidr_block": false,
            "cidr_block": "10.0.0.0/16",
            "default_network_acl_id": "acl-08f12e5095ae70d85",
            "default_route_table_id": "rtb-0b5deb68d08188c05",
            "default_security_group_id": "sg-0c2a2f23e7af4abf7",
            "dhcp_options_id": "dopt-08533873c06d7ad30",
            "enable_dns_hostnames": true,
            "enable_dns_support": true,
            "enable_network_address_usage_metrics": false,
            "id": "vpc-0bab5e8611149833e",
            "instance_tenancy": "default",
            "ipv4_ipam_pool_id": null,
            "ipv4_netmask_length": null,
            "ipv6_association_id": "",
            "ipv6_cidr_block": "",
            "ipv6_cidr_block_network_border_group": "",
            "ipv6_ipam_pool_id": "",
            "ipv6_netmask_length": 0,
            "main_route_table_id": "rtb-0b5deb68d08188c05",
            "owner_id": "459391715545",
            "tags": {
              "Name": "terraform-setup-rancher-vpc"
            },
            "tags_all": {
              "Name": "terraform-setup-rancher-vpc"
            }
          },
          "sensitive_attributes": [],
          "private": "eyJzY2hlbWFfdmVyc2lvbiI6IjEifQ=="
        }
      ]
    },
    {
      "mode": "managed",
      "type": "local_file",
      "name": "ssh_public_key_openssh",
      "provider": "provider[\"registry.terraform.io/hashicorp/local\"]",
      "instances": [
        {
          "schema_version": 0,
          "attributes": {
            "content": "ssh-rsa AAAAB3NzaC1yc2EAAAADAQABAAABAQDHn3EyEfyQinr96iALJc9xY18Yv8EnI9vXcCt+IFs56dg5yjz6Ty5FY3Jxm8duTKSlBfjlRhJFIloVi968SRaXD9xQOWIUOlFRuT3N2cNFlOvkPJvEM070oBU8r+jH7PX0EMncBeOQQkJFthpcNQcF4PqaHmXWWQd79UVp+6diRrSpFzzOcNIkx7MrPRtFMXLZRrzry97Mu3kIkrXohZie+ZJA6xo7Yo52Og+gfvewQZaMhI3wqowewTEKqAeCSTkc17QDzBnNBCn4Vu5RgIL/yO+lRmQT5LQoHiTKxSSznYRSS9sesdVwkXwpi0yxMBEJKtl5sJX2UFtYpzpRCzgr\n",
            "content_base64": null,
            "content_base64sha256": "9lMtbUktlsvFcq0TsyVnw1ukx4ixTtcDz5jm4RKYS3I=",
            "content_base64sha512": "twywAUZXZgbelcMZseutx1fNG6/ooMUSsIrK+Ocoj7iPd/m5Zt6TX2iuqxtCHDr0FR+Sn+VXsn+Xv9hsZ9KVgg==",
            "content_md5": "0a59285138bae32e308474a5880e4bec",
            "content_sha1": "d3b0f263bd0c9ecb87150d52c3a7b17bfc7ac8c7",
            "content_sha256": "f6532d6d492d96cbc572ad13b32567c35ba4c788b14ed703cf98e6e112984b72",
            "content_sha512": "b70cb00146576606de95c319b1ebadc757cd1bafe8a0c512b08acaf8e7288fb88f77f9b966de935f68aeab1b421c3af4151f929fe557b27f97bfd86c67d29582",
            "directory_permission": "0777",
            "file_permission": "0777",
            "filename": "./id_rsa.pub",
            "id": "d3b0f263bd0c9ecb87150d52c3a7b17bfc7ac8c7",
            "sensitive_content": null,
            "source": null
          },
          "sensitive_attributes": [],
          "dependencies": [
            "tls_private_key.global_key"
          ]
        }
      ]
    },
    {
      "mode": "managed",
      "type": "local_sensitive_file",
      "name": "ssh_private_key_pem",
      "provider": "provider[\"registry.terraform.io/hashicorp/local\"]",
      "instances": [
        {
          "schema_version": 0,
          "attributes": {
            "content": "-----BEGIN RSA PRIVATE KEY-----\nMIIEpAIBAAKCAQEAx59xMhH8kIp6/eogCyXPcWNfGL/BJyPb13ArfiBbOenYOco8\n+k8uRWNycZvHbkykpQX45UYSRSJaFYvevEkWlw/cUDliFDpRUbk9zdnDRZTr5Dyb\nxDNO9KAVPK/ox+z19BDJ3AXjkEJCRbYaXDUHBeD6mh5l1lkHe/VFafunYka0qRc8\nznDSJMezKz0bRTFy2Ua868vezLt5CJK16IWYnvmSQOsaO2KOdjoPoH73sEGWjISN\n8KqMHsExCqgHgkk5HNe0A8wZzQQp+FbuUYCC/8jvpUZkE+S0KB4kysUks52EUkvb\nHrHVcJF8KYtMsTARCSrZebCV9lBbWKc6UQs4KwIDAQABAoIBACvRshVdoWVRIKJw\nLEyGJj0rpQpXvVyMIIvwEXwEOkJCNLaq0CvaCbwtkkeh/GsX4+RdpT8e3I/UdJXa\nODB4kr7iOmhZ0E/EZWldElYHgTfa8tUNANxWrvQ/16mUq7KHL449yTHFESjvgoCu\n8qZe9YWy1w/RsGUW8e+h7XTQSvPlUgO2uLJTbGSWot3DyAtqwD6M5d7Sv8sT2pPe\nkudMQL07Ugoh/0c3adDc264KYUoRkqwzlnA59zCJgre+qZB7E/f+5oIpybqryiVQ\nOio75zj//IAAg9cHzZSBwtIqoF/1bu81mZ+nnNYHsl/0jwOeWvB8nfxELJ7HLoJy\neeI4TYECgYEA78iuvuK4ITXjZ7nzxH+MRjoJyqKZNqttNAabXtMRsGqVpPWwoTyV\nFrUXmBycrOLx3ZQ/bN61rQiPMfvHZomU4Q7fgZrjAwlKrmFvAjlTz2pwFERpp+W3\nQE8uhn0E5EJNguwABIpkTcgm4nObbUbkiwG13322dCVNv/e04CMiPIsCgYEA1R91\n+Sae+3Vwmc4O+XgLZS/tZRrQGL2NhPfWjEH9tiNyx+8Vt+7GVNXoRG1j0RNfgumR\nETNDAJFuei1++1CHkESVvt1/ox+70TMj3YekS0nEhqyLYPiMrlEHZ5E9YIjXTahp\nylBf9PYr4iSR9/giDRQrpwIGScRqL94Qa4jyRuECgYEA5l60JIjFxoJzfJBW9w5j\nwoS4K4qUEMYaIMXIOA4pDIkaRGYX0JDX2/0YMfgrPp67KNrpJLvDZ/61NJxlMsoz\n0xXq/iXEvIIM0gSiFkzljH0COTaRG9HDgXGRjXxHWtWoioQacEJVo7UMRrwzM4XM\nxRBbn+CzjlrYm/psOHsIxYkCgYEAyfV+PhQzI+cuRRHXbuArLEA2nlDCUi+OJCsX\nzOHcIvWEl6Ig2qQSneH2sKFYrY/GOrBLIBmLrMYkAvOKGW0+iZ/0p2IOye4QdTYZ\nDpyzPAUzjsuDaOkfpzBx69reZtRF8vldBrMTu3ZsL2ioSmuBGRO8Kg7pFo5icenl\ndYHY1QECgYBYK6y/38GMoUg0mPvtz1Ip/5JWx8RcW6x3se7IspGOei01dz0atvLi\n8KKn2ZB3N7VPMwF/Aq0amraKBtZd9jLZXqjlsXuDM+OVFfJrmNf35417fsl3pzPw\nm+djdZIWf+uwOltD4c6z657VrH8QGGBNGO1Zg/dqnzpXOzoUbIXZBw==\n-----END RSA PRIVATE KEY-----\n",
            "content_base64": null,
            "content_base64sha256": "HSy6CI+0vez9LcNM2vRA4v74kqVAnXW0eP+OQFU+zaw=",
            "content_base64sha512": "SHrA9Z524M2l2hYFz4CpXlSlffEhdIHYVqy1jyXCFQx2FWLkoIC1f7Cw+ZYgLEMJo1rTCUbgrtLFrYrx+5RdUw==",
            "content_md5": "b6f6deacbd6a141363bc54e39bdbf101",
            "content_sha1": "b90ceacdaa4fd95a853030ca99cd2812b1ddee3d",
            "content_sha256": "1d2cba088fb4bdecfd2dc34cdaf440e2fef892a5409d75b478ff8e40553ecdac",
            "content_sha512": "487ac0f59e76e0cda5da1605cf80a95e54a57df1217481d856acb58f25c2150c761562e4a080b57fb0b0f996202c4309a35ad30946e0aed2c5ad8af1fb945d53",
            "directory_permission": "0700",
            "file_permission": "0600",
            "filename": "./id_rsa",
            "id": "b90ceacdaa4fd95a853030ca99cd2812b1ddee3d",
            "source": null
          },
          "sensitive_attributes": [
            [
              {
                "type": "get_attr",
                "value": "content"
              }
            ]
          ],
          "dependencies": [
            "tls_private_key.global_key"
          ]
        }
      ]
    },
    {
      "mode": "managed",
      "type": "tls_private_key",
      "name": "global_key",
      "provider": "provider[\"registry.terraform.io/hashicorp/tls\"]",
      "instances": [
        {
          "schema_version": 1,
          "attributes": {
            "algorithm": "RSA",
            "ecdsa_curve": "P224",
            "id": "43e5c2f907639ca252288f80bdd02f2d9c8c4106",
            "private_key_openssh": "-----BEGIN OPENSSH PRIVATE KEY-----\nb3BlbnNzaC1rZXktdjEAAAAABG5vbmUAAAAEbm9uZQAAAAAAAAABAAABFwAAAAdz\nc2gtcnNhAAAAAwEAAQAAAQEAx59xMhH8kIp6/eogCyXPcWNfGL/BJyPb13ArfiBb\nOenYOco8+k8uRWNycZvHbkykpQX45UYSRSJaFYvevEkWlw/cUDliFDpRUbk9zdnD\nRZTr5DybxDNO9KAVPK/ox+z19BDJ3AXjkEJCRbYaXDUHBeD6mh5l1lkHe/VFafun\nYka0qRc8znDSJMezKz0bRTFy2Ua868vezLt5CJK16IWYnvmSQOsaO2KOdjoPoH73\nsEGWjISN8KqMHsExCqgHgkk5HNe0A8wZzQQp+FbuUYCC/8jvpUZkE+S0KB4kysUk\ns52EUkvbHrHVcJF8KYtMsTARCSrZebCV9lBbWKc6UQs4KwAAA7i35bpVt+W6VQAA\nAAdzc2gtcnNhAAABAQDHn3EyEfyQinr96iALJc9xY18Yv8EnI9vXcCt+IFs56dg5\nyjz6Ty5FY3Jxm8duTKSlBfjlRhJFIloVi968SRaXD9xQOWIUOlFRuT3N2cNFlOvk\nPJvEM070oBU8r+jH7PX0EMncBeOQQkJFthpcNQcF4PqaHmXWWQd79UVp+6diRrSp\nFzzOcNIkx7MrPRtFMXLZRrzry97Mu3kIkrXohZie+ZJA6xo7Yo52Og+gfvewQZaM\nhI3wqowewTEKqAeCSTkc17QDzBnNBCn4Vu5RgIL/yO+lRmQT5LQoHiTKxSSznYRS\nS9sesdVwkXwpi0yxMBEJKtl5sJX2UFtYpzpRCzgrAAAAAwEAAQAAAQAr0bIVXaFl\nUSCicCxMhiY9K6UKV71cjCCL8BF8BDpCQjS2qtAr2gm8LZJHofxrF+PkXaU/HtyP\n1HSV2jgweJK+4jpoWdBPxGVpXRJWB4E32vLVDQDcVq70P9eplKuyhy+OPckxxREo\n74KArvKmXvWFstcP0bBlFvHvoe100Erz5VIDtriyU2xklqLdw8gLasA+jOXe0r/L\nE9qT3pLnTEC9O1IKIf9HN2nQ3NuuCmFKEZKsM5ZwOfcwiYK3vqmQexP3/uaCKcm6\nq8olUDoqO+c4//yAAIPXB82UgcLSKqBf9W7vNZmfp5zWB7Jf9I8DnlrwfJ38RCye\nxy6CcnniOE2BAAAAgFgrrL/fwYyhSDSY++3PUin/klbHxFxbrHex7siykY56LTV3\nPRq28uLwoqfZkHc3tU8zAX8CrRqatooG1l32MtleqOWxe4Mz45UV8muY1/fnjXt+\nyXenM/Cb52N1khZ/67A6W0PhzrPrntWsfxAYYE0Y7VmD92qfOlc7OhRshdkHAAAA\ngQDvyK6+4rghNeNnufPEf4xGOgnKopk2q200Bpte0xGwapWk9bChPJUWtReYHJys\n4vHdlD9s3rWtCI8x+8dmiZThDt+BmuMDCUquYW8COVPPanAURGmn5bdATy6GfQTk\nQk2C7AAEimRNyCbic5ttRuSLAbXffbZ0JU2/97TgIyI8iwAAAIEA1R91+Sae+3Vw\nmc4O+XgLZS/tZRrQGL2NhPfWjEH9tiNyx+8Vt+7GVNXoRG1j0RNfgumRETNDAJFu\nei1++1CHkESVvt1/ox+70TMj3YekS0nEhqyLYPiMrlEHZ5E9YIjXTahpylBf9PYr\n4iSR9/giDRQrpwIGScRqL94Qa4jyRuEAAAAAAQID\n-----END OPENSSH PRIVATE KEY-----\n",
            "private_key_pem": "-----BEGIN RSA PRIVATE KEY-----\nMIIEpAIBAAKCAQEAx59xMhH8kIp6/eogCyXPcWNfGL/BJyPb13ArfiBbOenYOco8\n+k8uRWNycZvHbkykpQX45UYSRSJaFYvevEkWlw/cUDliFDpRUbk9zdnDRZTr5Dyb\nxDNO9KAVPK/ox+z19BDJ3AXjkEJCRbYaXDUHBeD6mh5l1lkHe/VFafunYka0qRc8\nznDSJMezKz0bRTFy2Ua868vezLt5CJK16IWYnvmSQOsaO2KOdjoPoH73sEGWjISN\n8KqMHsExCqgHgkk5HNe0A8wZzQQp+FbuUYCC/8jvpUZkE+S0KB4kysUks52EUkvb\nHrHVcJF8KYtMsTARCSrZebCV9lBbWKc6UQs4KwIDAQABAoIBACvRshVdoWVRIKJw\nLEyGJj0rpQpXvVyMIIvwEXwEOkJCNLaq0CvaCbwtkkeh/GsX4+RdpT8e3I/UdJXa\nODB4kr7iOmhZ0E/EZWldElYHgTfa8tUNANxWrvQ/16mUq7KHL449yTHFESjvgoCu\n8qZe9YWy1w/RsGUW8e+h7XTQSvPlUgO2uLJTbGSWot3DyAtqwD6M5d7Sv8sT2pPe\nkudMQL07Ugoh/0c3adDc264KYUoRkqwzlnA59zCJgre+qZB7E/f+5oIpybqryiVQ\nOio75zj//IAAg9cHzZSBwtIqoF/1bu81mZ+nnNYHsl/0jwOeWvB8nfxELJ7HLoJy\neeI4TYECgYEA78iuvuK4ITXjZ7nzxH+MRjoJyqKZNqttNAabXtMRsGqVpPWwoTyV\nFrUXmBycrOLx3ZQ/bN61rQiPMfvHZomU4Q7fgZrjAwlKrmFvAjlTz2pwFERpp+W3\nQE8uhn0E5EJNguwABIpkTcgm4nObbUbkiwG13322dCVNv/e04CMiPIsCgYEA1R91\n+Sae+3Vwmc4O+XgLZS/tZRrQGL2NhPfWjEH9tiNyx+8Vt+7GVNXoRG1j0RNfgumR\nETNDAJFuei1++1CHkESVvt1/ox+70TMj3YekS0nEhqyLYPiMrlEHZ5E9YIjXTahp\nylBf9PYr4iSR9/giDRQrpwIGScRqL94Qa4jyRuECgYEA5l60JIjFxoJzfJBW9w5j\nwoS4K4qUEMYaIMXIOA4pDIkaRGYX0JDX2/0YMfgrPp67KNrpJLvDZ/61NJxlMsoz\n0xXq/iXEvIIM0gSiFkzljH0COTaRG9HDgXGRjXxHWtWoioQacEJVo7UMRrwzM4XM\nxRBbn+CzjlrYm/psOHsIxYkCgYEAyfV+PhQzI+cuRRHXbuArLEA2nlDCUi+OJCsX\nzOHcIvWEl6Ig2qQSneH2sKFYrY/GOrBLIBmLrMYkAvOKGW0+iZ/0p2IOye4QdTYZ\nDpyzPAUzjsuDaOkfpzBx69reZtRF8vldBrMTu3ZsL2ioSmuBGRO8Kg7pFo5icenl\ndYHY1QECgYBYK6y/38GMoUg0mPvtz1Ip/5JWx8RcW6x3se7IspGOei01dz0atvLi\n8KKn2ZB3N7VPMwF/Aq0amraKBtZd9jLZXqjlsXuDM+OVFfJrmNf35417fsl3pzPw\nm+djdZIWf+uwOltD4c6z657VrH8QGGBNGO1Zg/dqnzpXOzoUbIXZBw==\n-----END RSA PRIVATE KEY-----\n",
            "private_key_pem_pkcs8": "-----BEGIN PRIVATE KEY-----\nMIIEvgIBADANBgkqhkiG9w0BAQEFAASCBKgwggSkAgEAAoIBAQDHn3EyEfyQinr9\n6iALJc9xY18Yv8EnI9vXcCt+IFs56dg5yjz6Ty5FY3Jxm8duTKSlBfjlRhJFIloV\ni968SRaXD9xQOWIUOlFRuT3N2cNFlOvkPJvEM070oBU8r+jH7PX0EMncBeOQQkJF\nthpcNQcF4PqaHmXWWQd79UVp+6diRrSpFzzOcNIkx7MrPRtFMXLZRrzry97Mu3kI\nkrXohZie+ZJA6xo7Yo52Og+gfvewQZaMhI3wqowewTEKqAeCSTkc17QDzBnNBCn4\nVu5RgIL/yO+lRmQT5LQoHiTKxSSznYRSS9sesdVwkXwpi0yxMBEJKtl5sJX2UFtY\npzpRCzgrAgMBAAECggEAK9GyFV2hZVEgonAsTIYmPSulCle9XIwgi/ARfAQ6QkI0\ntqrQK9oJvC2SR6H8axfj5F2lPx7cj9R0ldo4MHiSvuI6aFnQT8RlaV0SVgeBN9ry\n1Q0A3Fau9D/XqZSrsocvjj3JMcURKO+CgK7ypl71hbLXD9GwZRbx76HtdNBK8+VS\nA7a4slNsZJai3cPIC2rAPozl3tK/yxPak96S50xAvTtSCiH/Rzdp0NzbrgphShGS\nrDOWcDn3MImCt76pkHsT9/7mginJuqvKJVA6KjvnOP/8gACD1wfNlIHC0iqgX/Vu\n7zWZn6ec1geyX/SPA55a8Hyd/EQsnscugnJ54jhNgQKBgQDvyK6+4rghNeNnufPE\nf4xGOgnKopk2q200Bpte0xGwapWk9bChPJUWtReYHJys4vHdlD9s3rWtCI8x+8dm\niZThDt+BmuMDCUquYW8COVPPanAURGmn5bdATy6GfQTkQk2C7AAEimRNyCbic5tt\nRuSLAbXffbZ0JU2/97TgIyI8iwKBgQDVH3X5Jp77dXCZzg75eAtlL+1lGtAYvY2E\n99aMQf22I3LH7xW37sZU1ehEbWPRE1+C6ZERM0MAkW56LX77UIeQRJW+3X+jH7vR\nMyPdh6RLScSGrItg+IyuUQdnkT1giNdNqGnKUF/09iviJJH3+CINFCunAgZJxGov\n3hBriPJG4QKBgQDmXrQkiMXGgnN8kFb3DmPChLgripQQxhogxcg4DikMiRpEZhfQ\nkNfb/Rgx+Cs+nrso2ukku8Nn/rU0nGUyyjPTFer+JcS8ggzSBKIWTOWMfQI5NpEb\n0cOBcZGNfEda1aiKhBpwQlWjtQxGvDMzhczFEFuf4LOOWtib+mw4ewjFiQKBgQDJ\n9X4+FDMj5y5FEddu4CssQDaeUMJSL44kKxfM4dwi9YSXoiDapBKd4fawoVitj8Y6\nsEsgGYusxiQC84oZbT6Jn/SnYg7J7hB1NhkOnLM8BTOOy4No6R+nMHHr2t5m1EXy\n+V0GsxO7dmwvaKhKa4EZE7wqDukWjmJx6eV1gdjVAQKBgFgrrL/fwYyhSDSY++3P\nUin/klbHxFxbrHex7siykY56LTV3PRq28uLwoqfZkHc3tU8zAX8CrRqatooG1l32\nMtleqOWxe4Mz45UV8muY1/fnjXt+yXenM/Cb52N1khZ/67A6W0PhzrPrntWsfxAY\nYE0Y7VmD92qfOlc7OhRshdkH\n-----END PRIVATE KEY-----\n",
            "public_key_fingerprint_md5": "cb:c8:be:29:36:01:e4:0c:44:0f:01:34:c3:2b:46:d7",
            "public_key_fingerprint_sha256": "SHA256:2q8ZDXACfpNtowJsaCH+BqqROVX+Oh/EERV1ClWGdUU",
            "public_key_openssh": "ssh-rsa AAAAB3NzaC1yc2EAAAADAQABAAABAQDHn3EyEfyQinr96iALJc9xY18Yv8EnI9vXcCt+IFs56dg5yjz6Ty5FY3Jxm8duTKSlBfjlRhJFIloVi968SRaXD9xQOWIUOlFRuT3N2cNFlOvkPJvEM070oBU8r+jH7PX0EMncBeOQQkJFthpcNQcF4PqaHmXWWQd79UVp+6diRrSpFzzOcNIkx7MrPRtFMXLZRrzry97Mu3kIkrXohZie+ZJA6xo7Yo52Og+gfvewQZaMhI3wqowewTEKqAeCSTkc17QDzBnNBCn4Vu5RgIL/yO+lRmQT5LQoHiTKxSSznYRSS9sesdVwkXwpi0yxMBEJKtl5sJX2UFtYpzpRCzgr\n",
            "public_key_pem": "-----BEGIN PUBLIC KEY-----\nMIIBIjANBgkqhkiG9w0BAQEFAAOCAQ8AMIIBCgKCAQEAx59xMhH8kIp6/eogCyXP\ncWNfGL/BJyPb13ArfiBbOenYOco8+k8uRWNycZvHbkykpQX45UYSRSJaFYvevEkW\nlw/cUDliFDpRUbk9zdnDRZTr5DybxDNO9KAVPK/ox+z19BDJ3AXjkEJCRbYaXDUH\nBeD6mh5l1lkHe/VFafunYka0qRc8znDSJMezKz0bRTFy2Ua868vezLt5CJK16IWY\nnvmSQOsaO2KOdjoPoH73sEGWjISN8KqMHsExCqgHgkk5HNe0A8wZzQQp+FbuUYCC\n/8jvpUZkE+S0KB4kysUks52EUkvbHrHVcJF8KYtMsTARCSrZebCV9lBbWKc6UQs4\nKwIDAQAB\n-----END PUBLIC KEY-----\n",
            "rsa_bits": 2048
          },
          "sensitive_attributes": []
        }
      ]
    }
  ],
  "check_results": null
}
